
Microsoft Visual Studio Solution File, Format Version 12.00
# Visual Studio Version 16
VisualStudioVersion = 16.0.29215.179
MinimumVisualStudioVersion = 10.0.40219.1
Project("{FAE04EC0-301F-11D3-BF4B-00C04F79EFBC}") = "Fibonacci Sequence", "Fibonacci Sequence\Fibonacci Sequence.csproj", "{98CDBA63-0D01-4A89-A17C-9277C44299DB}"
EndProject
Global
	GlobalSection(SolutionConfigurationPlatforms) = preSolution
		Debug|Any CPU = Debug|Any CPU
		Release|Any CPU = Release|Any CPU
	EndGlobalSection
	GlobalSection(ProjectConfigurationPlatforms) = postSolution
		{98CDBA63-0D01-4A89-A17C-9277C44299DB}.Debug|Any CPU.ActiveCfg = Debug|Any CPU
		{98CDBA63-0D01-4A89-A17C-9277C44299DB}.Debug|Any CPU.Build.0 = Debug|Any CPU
		{98CDBA63-0D01-4A89-A17C-9277C44299DB}.Release|Any CPU.ActiveCfg = Release|Any CPU
		{98CDBA63-0D01-4A89-A17C-9277C44299DB}.Release|Any CPU.Build.0 = Release|Any CPU
	EndGlobalSection
	GlobalSection(SolutionProperties) = preSolution
		HideSolutionNode = FALSE
	EndGlobalSection
	GlobalSection(ExtensibilityGlobals) = postSolution
		SolutionGuid = {1AB16DD6-035F-4243-830D-93FFD67D3218}
	EndGlobalSection
EndGlobal
